// !$*UTF8*$!
{
	archiveVersion = 1;
	classes = {
	};
	objectVersion = 50;
	objects = {

/* Begin PBXBuildFile section */
		566048D321B62DE70075026F /* AppDelegate.swift in Sources */ = {isa = PBXBuildFile; fileRef = 566048D221B62DE70075026F /* AppDelegate.swift */; };
		566048D521B62DE70075026F /* ViewController.swift in Sources */ = {isa = PBXBuildFile; fileRef = 566048D421B62DE70075026F /* ViewController.swift */; };
		566048D821B62DE70075026F /* Main.storyboard in Resources */ = {isa = PBXBuildFile; fileRef = 566048D621B62DE70075026F /* Main.storyboard */; };
		566048DA21B62DE80075026F /* Assets.xcassets in Resources */ = {isa = PBXBuildFile; fileRef = 566048D921B62DE80075026F /* Assets.xcassets */; };
		566048DD21B62DE80075026F /* LaunchScreen.storyboard in Resources */ = {isa = PBXBuildFile; fileRef = 566048DB21B62DE80075026F /* LaunchScreen.storyboard */; };
		566048E821B62DE90075026F /* SharePlayTests.swift in Sources */ = {isa = PBXBuildFile; fileRef = 566048E721B62DE90075026F /* SharePlayTests.swift */; };
		566048F321B62DE90075026F /* SharePlayUITests.swift in Sources */ = {isa = PBXBuildFile; fileRef = 566048F221B62DE90075026F /* SharePlayUITests.swift */; };
		5660490221B635AF0075026F /* User.swift in Sources */ = {isa = PBXBuildFile; fileRef = 5660490121B635AF0075026F /* User.swift */; };
		5660490421B6582A0075026F /* Serializable.swift in Sources */ = {isa = PBXBuildFile; fileRef = 5660490321B6582A0075026F /* Serializable.swift */; };
		5660490621B65F2C0075026F /* Song.swift in Sources */ = {isa = PBXBuildFile; fileRef = 5660490521B65F2C0075026F /* Song.swift */; };
		5660490821B664F60075026F /* Party.swift in Sources */ = {isa = PBXBuildFile; fileRef = 5660490721B664F60075026F /* Party.swift */; };
		5660490B21B795B10075026F /* Request.swift in Sources */ = {isa = PBXBuildFile; fileRef = 5660490A21B795B10075026F /* Request.swift */; };
		5660490F21BC9F0F0075026F /* ResultCallback.swift in Sources */ = {isa = PBXBuildFile; fileRef = 5660490E21BC9F0F0075026F /* ResultCallback.swift */; };
		5660491321BCA16F0075026F /* AttemptLoginService.swift in Sources */ = {isa = PBXBuildFile; fileRef = 5660491221BCA16F0075026F /* AttemptLoginService.swift */; };
		5660491521BCAEFD0075026F /* GetAccessTokenService.swift in Sources */ = {isa = PBXBuildFile; fileRef = 5660491421BCAEFD0075026F /* GetAccessTokenService.swift */; };
		5660491721BCAFD80075026F /* GetRefreshedAccessTokenService.swift in Sources */ = {isa = PBXBuildFile; fileRef = 5660491621BCAFD80075026F /* GetRefreshedAccessTokenService.swift */; };
		5660491A21BCB0740075026F /* ApplicationUtil.swift in Sources */ = {isa = PBXBuildFile; fileRef = 5660491921BCB0740075026F /* ApplicationUtil.swift */; };
		5660491C21BCD77D0075026F /* AddSongToPartyService.swift in Sources */ = {isa = PBXBuildFile; fileRef = 5660491B21BCD77D0075026F /* AddSongToPartyService.swift */; };
		5660491E21BCD8BE0075026F /* CreatePartyService.swift in Sources */ = {isa = PBXBuildFile; fileRef = 5660491D21BCD8BE0075026F /* CreatePartyService.swift */; };
		5660492021BCD91D0075026F /* CreateTemporaryUserService.swift in Sources */ = {isa = PBXBuildFile; fileRef = 5660491F21BCD91D0075026F /* CreateTemporaryUserService.swift */; };
		5660492221BCD9D70075026F /* FinishSongService.swift in Sources */ = {isa = PBXBuildFile; fileRef = 5660492121BCD9D70075026F /* FinishSongService.swift */; };
		5660492421BCDA990075026F /* GetPartyDetailsService.swift in Sources */ = {isa = PBXBuildFile; fileRef = 5660492321BCDA990075026F /* GetPartyDetailsService.swift */; };
		5660492621BCDAE40075026F /* IncrementSongVoteCountService.swift in Sources */ = {isa = PBXBuildFile; fileRef = 5660492521BCDAE40075026F /* IncrementSongVoteCountService.swift */; };
		5660492821BCDB2A0075026F /* JoinPartyService.swift in Sources */ = {isa = PBXBuildFile; fileRef = 5660492721BCDB2A0075026F /* JoinPartyService.swift */; };
		5660492A21BCDB7A0075026F /* LeavePartyService.swift in Sources */ = {isa = PBXBuildFile; fileRef = 5660492921BCDB7A0075026F /* LeavePartyService.swift */; };
		5660492C21BCDBE40075026F /* RemoveSongFromPartyService.swift in Sources */ = {isa = PBXBuildFile; fileRef = 5660492B21BCDBE40075026F /* RemoveSongFromPartyService.swift */; };
		5660492E21BCDC1B0075026F /* SendFCMTokenService.swift in Sources */ = {isa = PBXBuildFile; fileRef = 5660492D21BCDC1B0075026F /* SendFCMTokenService.swift */; };
		5660493021BD020C0075026F /* jsonUtil.swift in Sources */ = {isa = PBXBuildFile; fileRef = 5660492F21BD020C0075026F /* jsonUtil.swift */; };
/* End PBXBuildFile section */

/* Begin PBXContainerItemProxy section */
		566048E421B62DE90075026F /* PBXContainerItemProxy */ = {
			isa = PBXContainerItemProxy;
			containerPortal = 566048C721B62DE70075026F /* Project object */;
			proxyType = 1;
			remoteGlobalIDString = 566048CE21B62DE70075026F;
			remoteInfo = SharePlay;
		};
		566048EF21B62DE90075026F /* PBXContainerItemProxy */ = {
			isa = PBXContainerItemProxy;
			containerPortal = 566048C721B62DE70075026F /* Project object */;
			proxyType = 1;
			remoteGlobalIDString = 566048CE21B62DE70075026F;
			remoteInfo = SharePlay;
		};
/* End PBXContainerItemProxy section */

/* Begin PBXFileReference section */
		566048CF21B62DE70075026F /* SharePlay.app */ = {isa = PBXFileReference; explicitFileType = wrapper.application; includeInIndex = 0; path = SharePlay.app; sourceTree = BUILT_PRODUCTS_DIR; };
		566048D221B62DE70075026F /* AppDelegate.swift */ = {isa = PBXFileReference; lastKnownFileType = sourcecode.swift; path = AppDelegate.swift; sourceTree = "<group>"; };
		566048D421B62DE70075026F /* ViewController.swift */ = {isa = PBXFileReference; lastKnownFileType = sourcecode.swift; path = ViewController.swift; sourceTree = "<group>"; };
		566048D721B62DE70075026F /* Base */ = {isa = PBXFileReference; lastKnownFileType = file.storyboard; name = Base; path = Base.lproj/Main.storyboard; sourceTree = "<group>"; };
		566048D921B62DE80075026F /* Assets.xcassets */ = {isa = PBXFileReference; lastKnownFileType = folder.assetcatalog; path = Assets.xcassets; sourceTree = "<group>"; };
		566048DC21B62DE80075026F /* Base */ = {isa = PBXFileReference; lastKnownFileType = file.storyboard; name = Base; path = Base.lproj/LaunchScreen.storyboard; sourceTree = "<group>"; };
		566048DE21B62DE80075026F /* Info.plist */ = {isa = PBXFileReference; lastKnownFileType = text.plist.xml; path = Info.plist; sourceTree = "<group>"; };
		566048E321B62DE90075026F /* SharePlayTests.xctest */ = {isa = PBXFileReference; explicitFileType = wrapper.cfbundle; includeInIndex = 0; path = SharePlayTests.xctest; sourceTree = BUILT_PRODUCTS_DIR; };
		566048E721B62DE90075026F /* SharePlayTests.swift */ = {isa = PBXFileReference; lastKnownFileType = sourcecode.swift; path = SharePlayTests.swift; sourceTree = "<group>"; };
		566048E921B62DE90075026F /* Info.plist */ = {isa = PBXFileReference; lastKnownFileType = text.plist.xml; path = Info.plist; sourceTree = "<group>"; };
		566048EE21B62DE90075026F /* SharePlayUITests.xctest */ = {isa = PBXFileReference; explicitFileType = wrapper.cfbundle; includeInIndex = 0; path = SharePlayUITests.xctest; sourceTree = BUILT_PRODUCTS_DIR; };
		566048F221B62DE90075026F /* SharePlayUITests.swift */ = {isa = PBXFileReference; lastKnownFileType = sourcecode.swift; path = SharePlayUITests.swift; sourceTree = "<group>"; };
		566048F421B62DE90075026F /* Info.plist */ = {isa = PBXFileReference; lastKnownFileType = text.plist.xml; path = Info.plist; sourceTree = "<group>"; };
		5660490121B635AF0075026F /* User.swift */ = {isa = PBXFileReference; lastKnownFileType = sourcecode.swift; path = User.swift; sourceTree = "<group>"; };
		5660490321B6582A0075026F /* Serializable.swift */ = {isa = PBXFileReference; lastKnownFileType = sourcecode.swift; path = Serializable.swift; sourceTree = "<group>"; };
		5660490521B65F2C0075026F /* Song.swift */ = {isa = PBXFileReference; lastKnownFileType = sourcecode.swift; path = Song.swift; sourceTree = "<group>"; };
		5660490721B664F60075026F /* Party.swift */ = {isa = PBXFileReference; lastKnownFileType = sourcecode.swift; path = Party.swift; sourceTree = "<group>"; };
		5660490A21B795B10075026F /* Request.swift */ = {isa = PBXFileReference; lastKnownFileType = sourcecode.swift; path = Request.swift; sourceTree = "<group>"; };
		5660490E21BC9F0F0075026F /* ResultCallback.swift */ = {isa = PBXFileReference; lastKnownFileType = sourcecode.swift; path = ResultCallback.swift; sourceTree = "<group>"; };
		5660491221BCA16F0075026F /* AttemptLoginService.swift */ = {isa = PBXFileReference; lastKnownFileType = sourcecode.swift; path = AttemptLoginService.swift; sourceTree = "<group>"; };
		5660491421BCAEFD0075026F /* GetAccessTokenService.swift */ = {isa = PBXFileReference; lastKnownFileType = sourcecode.swift; path = GetAccessTokenService.swift; sourceTree = "<group>"; };
		5660491621BCAFD80075026F /* GetRefreshedAccessTokenService.swift */ = {isa = PBXFileReference; lastKnownFileType = sourcecode.swift; path = GetRefreshedAccessTokenService.swift; sourceTree = "<group>"; };
		5660491921BCB0740075026F /* ApplicationUtil.swift */ = {isa = PBXFileReference; lastKnownFileType = sourcecode.swift; path = ApplicationUtil.swift; sourceTree = "<group>"; };
		5660491B21BCD77D0075026F /* AddSongToPartyService.swift */ = {isa = PBXFileReference; lastKnownFileType = sourcecode.swift; path = AddSongToPartyService.swift; sourceTree = "<group>"; };
		5660491D21BCD8BE0075026F /* CreatePartyService.swift */ = {isa = PBXFileReference; lastKnownFileType = sourcecode.swift; path = CreatePartyService.swift; sourceTree = "<group>"; };
		5660491F21BCD91D0075026F /* CreateTemporaryUserService.swift */ = {isa = PBXFileReference; lastKnownFileType = sourcecode.swift; path = CreateTemporaryUserService.swift; sourceTree = "<group>"; };
		5660492121BCD9D70075026F /* FinishSongService.swift */ = {isa = PBXFileReference; lastKnownFileType = sourcecode.swift; path = FinishSongService.swift; sourceTree = "<group>"; };
		5660492321BCDA990075026F /* GetPartyDetailsService.swift */ = {isa = PBXFileReference; lastKnownFileType = sourcecode.swift; path = GetPartyDetailsService.swift; sourceTree = "<group>"; };
		5660492521BCDAE40075026F /* IncrementSongVoteCountService.swift */ = {isa = PBXFileReference; lastKnownFileType = sourcecode.swift; path = IncrementSongVoteCountService.swift; sourceTree = "<group>"; };
		5660492721BCDB2A0075026F /* JoinPartyService.swift */ = {isa = PBXFileReference; lastKnownFileType = sourcecode.swift; path = JoinPartyService.swift; sourceTree = "<group>"; };
		5660492921BCDB7A0075026F /* LeavePartyService.swift */ = {isa = PBXFileReference; lastKnownFileType = sourcecode.swift; path = LeavePartyService.swift; sourceTree = "<group>"; };
		5660492B21BCDBE40075026F /* RemoveSongFromPartyService.swift */ = {isa = PBXFileReference; lastKnownFileType = sourcecode.swift; path = RemoveSongFromPartyService.swift; sourceTree = "<group>"; };
		5660492D21BCDC1B0075026F /* SendFCMTokenService.swift */ = {isa = PBXFileReference; lastKnownFileType = sourcecode.swift; path = SendFCMTokenService.swift; sourceTree = "<group>"; };
		5660492F21BD020C0075026F /* jsonUtil.swift */ = {isa = PBXFileReference; lastKnownFileType = sourcecode.swift; path = jsonUtil.swift; sourceTree = "<group>"; };
/* End PBXFileReference section */

/* Begin PBXFrameworksBuildPhase section */
		566048CC21B62DE70075026F /* Frameworks */ = {
			isa = PBXFrameworksBuildPhase;
			buildActionMask = 2147483647;
			files = (
			);
			runOnlyForDeploymentPostprocessing = 0;
		};
		566048E021B62DE90075026F /* Frameworks */ = {
			isa = PBXFrameworksBuildPhase;
			buildActionMask = 2147483647;
			files = (
			);
			runOnlyForDeploymentPostprocessing = 0;
		};
		566048EB21B62DE90075026F /* Frameworks */ = {
			isa = PBXFrameworksBuildPhase;
			buildActionMask = 2147483647;
			files = (
			);
			runOnlyForDeploymentPostprocessing = 0;
		};
/* End PBXFrameworksBuildPhase section */

/* Begin PBXGroup section */
		566048C621B62DE70075026F = {
			isa = PBXGroup;
			children = (
				566048D121B62DE70075026F /* SharePlay */,
				566048E621B62DE90075026F /* SharePlayTests */,
				566048F121B62DE90075026F /* SharePlayUITests */,
				566048D021B62DE70075026F /* Products */,
			);
			sourceTree = "<group>";
		};
		566048D021B62DE70075026F /* Products */ = {
			isa = PBXGroup;
			children = (
				566048CF21B62DE70075026F /* SharePlay.app */,
				566048E321B62DE90075026F /* SharePlayTests.xctest */,
				566048EE21B62DE90075026F /* SharePlayUITests.xctest */,
			);
			name = Products;
			sourceTree = "<group>";
		};
		566048D121B62DE70075026F /* SharePlay */ = {
			isa = PBXGroup;
			children = (
				5660491821BCB0360075026F /* Utils */,
				5660490921B7956E0075026F /* API */,
				5660490021B6359A0075026F /* Models */,
				566048D221B62DE70075026F /* AppDelegate.swift */,
				566048D421B62DE70075026F /* ViewController.swift */,
				566048D621B62DE70075026F /* Main.storyboard */,
				566048D921B62DE80075026F /* Assets.xcassets */,
				566048DB21B62DE80075026F /* LaunchScreen.storyboard */,
				566048DE21B62DE80075026F /* Info.plist */,
			);
			path = SharePlay;
			sourceTree = "<group>";
		};
		566048E621B62DE90075026F /* SharePlayTests */ = {
			isa = PBXGroup;
			children = (
				566048E721B62DE90075026F /* SharePlayTests.swift */,
				566048E921B62DE90075026F /* Info.plist */,
			);
			path = SharePlayTests;
			sourceTree = "<group>";
		};
		566048F121B62DE90075026F /* SharePlayUITests */ = {
			isa = PBXGroup;
			children = (
				566048F221B62DE90075026F /* SharePlayUITests.swift */,
				566048F421B62DE90075026F /* Info.plist */,
			);
			path = SharePlayUITests;
			sourceTree = "<group>";
		};
		5660490021B6359A0075026F /* Models */ = {
			isa = PBXGroup;
			children = (
				5660490121B635AF0075026F /* User.swift */,
				5660490321B6582A0075026F /* Serializable.swift */,
				5660490521B65F2C0075026F /* Song.swift */,
				5660490721B664F60075026F /* Party.swift */,
			);
			path = Models;
			sourceTree = "<group>";
		};
		5660490921B7956E0075026F /* API */ = {
			isa = PBXGroup;
			children = (
				5660491021BCA0C90075026F /* Services */,
				5660490A21B795B10075026F /* Request.swift */,
				5660490E21BC9F0F0075026F /* ResultCallback.swift */,
			);
			path = API;
			sourceTree = "<group>";
		};
		5660491021BCA0C90075026F /* Services */ = {
			isa = PBXGroup;
			children = (
				5660491121BCA0D30075026F /* AuthenticationServices */,
				5660491B21BCD77D0075026F /* AddSongToPartyService.swift */,
				5660491D21BCD8BE0075026F /* CreatePartyService.swift */,
				5660491F21BCD91D0075026F /* CreateTemporaryUserService.swift */,
				5660492121BCD9D70075026F /* FinishSongService.swift */,
				5660492321BCDA990075026F /* GetPartyDetailsService.swift */,
				5660492521BCDAE40075026F /* IncrementSongVoteCountService.swift */,
				5660492721BCDB2A0075026F /* JoinPartyService.swift */,
				5660492921BCDB7A0075026F /* LeavePartyService.swift */,
				5660492B21BCDBE40075026F /* RemoveSongFromPartyService.swift */,
				5660492D21BCDC1B0075026F /* SendFCMTokenService.swift */,
			);
			path = Services;
			sourceTree = "<group>";
		};
		5660491121BCA0D30075026F /* AuthenticationServices */ = {
			isa = PBXGroup;
			children = (
				5660491221BCA16F0075026F /* AttemptLoginService.swift */,
				5660491421BCAEFD0075026F /* GetAccessTokenService.swift */,
				5660491621BCAFD80075026F /* GetRefreshedAccessTokenService.swift */,
			);
			path = AuthenticationServices;
			sourceTree = "<group>";
		};
		5660491821BCB0360075026F /* Utils */ = {
			isa = PBXGroup;
			children = (
				5660491921BCB0740075026F /* ApplicationUtil.swift */,
				5660492F21BD020C0075026F /* jsonUtil.swift */,
			);
			path = Utils;
			sourceTree = "<group>";
		};
/* End PBXGroup section */

/* Begin PBXNativeTarget section */
		566048CE21B62DE70075026F /* SharePlay */ = {
			isa = PBXNativeTarget;
			buildConfigurationList = 566048F721B62DE90075026F /* Build configuration list for PBXNativeTarget "SharePlay" */;
			buildPhases = (
				566048CB21B62DE70075026F /* Sources */,
				566048CC21B62DE70075026F /* Frameworks */,
				566048CD21B62DE70075026F /* Resources */,
			);
			buildRules = (
			);
			dependencies = (
			);
			name = SharePlay;
			productName = SharePlay;
			productReference = 566048CF21B62DE70075026F /* SharePlay.app */;
			productType = "com.apple.product-type.application";
		};
		566048E221B62DE90075026F /* SharePlayTests */ = {
			isa = PBXNativeTarget;
			buildConfigurationList = 566048FA21B62DE90075026F /* Build configuration list for PBXNativeTarget "SharePlayTests" */;
			buildPhases = (
				566048DF21B62DE90075026F /* Sources */,
				566048E021B62DE90075026F /* Frameworks */,
				566048E121B62DE90075026F /* Resources */,
			);
			buildRules = (
			);
			dependencies = (
				566048E521B62DE90075026F /* PBXTargetDependency */,
			);
			name = SharePlayTests;
			productName = SharePlayTests;
			productReference = 566048E321B62DE90075026F /* SharePlayTests.xctest */;
			productType = "com.apple.product-type.bundle.unit-test";
		};
		566048ED21B62DE90075026F /* SharePlayUITests */ = {
			isa = PBXNativeTarget;
			buildConfigurationList = 566048FD21B62DE90075026F /* Build configuration list for PBXNativeTarget "SharePlayUITests" */;
			buildPhases = (
				566048EA21B62DE90075026F /* Sources */,
				566048EB21B62DE90075026F /* Frameworks */,
				566048EC21B62DE90075026F /* Resources */,
			);
			buildRules = (
			);
			dependencies = (
				566048F021B62DE90075026F /* PBXTargetDependency */,
			);
			name = SharePlayUITests;
			productName = SharePlayUITests;
			productReference = 566048EE21B62DE90075026F /* SharePlayUITests.xctest */;
			productType = "com.apple.product-type.bundle.ui-testing";
		};
/* End PBXNativeTarget section */

/* Begin PBXProject section */
		566048C721B62DE70075026F /* Project object */ = {
			isa = PBXProject;
			attributes = {
				LastSwiftUpdateCheck = 1010;
				LastUpgradeCheck = 1010;
				ORGANIZATIONNAME = "Milosh Zelembaba";
				TargetAttributes = {
					566048CE21B62DE70075026F = {
						CreatedOnToolsVersion = 10.1;
					};
					566048E221B62DE90075026F = {
						CreatedOnToolsVersion = 10.1;
						TestTargetID = 566048CE21B62DE70075026F;
					};
					566048ED21B62DE90075026F = {
						CreatedOnToolsVersion = 10.1;
						TestTargetID = 566048CE21B62DE70075026F;
					};
				};
			};
			buildConfigurationList = 566048CA21B62DE70075026F /* Build configuration list for PBXProject "SharePlay" */;
			compatibilityVersion = "Xcode 9.3";
			developmentRegion = en;
			hasScannedForEncodings = 0;
			knownRegions = (
				en,
				Base,
			);
			mainGroup = 566048C621B62DE70075026F;
			productRefGroup = 566048D021B62DE70075026F /* Products */;
			projectDirPath = "";
			projectRoot = "";
			targets = (
				566048CE21B62DE70075026F /* SharePlay */,
				566048E221B62DE90075026F /* SharePlayTests */,
				566048ED21B62DE90075026F /* SharePlayUITests */,
			);
		};
/* End PBXProject section */

/* Begin PBXResourcesBuildPhase section */
		566048CD21B62DE70075026F /* Resources */ = {
			isa = PBXResourcesBuildPhase;
			buildActionMask = 2147483647;
			files = (
				566048DD21B62DE80075026F /* LaunchScreen.storyboard in Resources */,
				566048DA21B62DE80075026F /* Assets.xcassets in Resources */,
				566048D821B62DE70075026F /* Main.storyboard in Resources */,
			);
			runOnlyForDeploymentPostprocessing = 0;
		};
		566048E121B62DE90075026F /* Resources */ = {
			isa = PBXResourcesBuildPhase;
			buildActionMask = 2147483647;
			files = (
			);
			runOnlyForDeploymentPostprocessing = 0;
		};
		566048EC21B62DE90075026F /* Resources */ = {
			isa = PBXResourcesBuildPhase;
			buildActionMask = 2147483647;
			files = (
			);
			runOnlyForDeploymentPostprocessing = 0;
		};
/* End PBXResourcesBuildPhase section */

/* Begin PBXSourcesBuildPhase section */
		566048CB21B62DE70075026F /* Sources */ = {
			isa = PBXSourcesBuildPhase;
			buildActionMask = 2147483647;
			files = (
				5660492C21BCDBE40075026F /* RemoveSongFromPartyService.swift in Sources */,
				5660492A21BCDB7A0075026F /* LeavePartyService.swift in Sources */,
				5660492021BCD91D0075026F /* CreateTemporaryUserService.swift in Sources */,
				5660491721BCAFD80075026F /* GetRefreshedAccessTokenService.swift in Sources */,
				5660492421BCDA990075026F /* GetPartyDetailsService.swift in Sources */,
				5660491C21BCD77D0075026F /* AddSongToPartyService.swift in Sources */,
				5660491E21BCD8BE0075026F /* CreatePartyService.swift in Sources */,
				5660490421B6582A0075026F /* Serializable.swift in Sources */,
				566048D521B62DE70075026F /* ViewController.swift in Sources */,
				5660490221B635AF0075026F /* User.swift in Sources */,
				5660490F21BC9F0F0075026F /* ResultCallback.swift in Sources */,
				566048D321B62DE70075026F /* AppDelegate.swift in Sources */,
				5660492621BCDAE40075026F /* IncrementSongVoteCountService.swift in Sources */,
				5660491321BCA16F0075026F /* AttemptLoginService.swift in Sources */,
				5660493021BD020C0075026F /* jsonUtil.swift in Sources */,
				5660492E21BCDC1B0075026F /* SendFCMTokenService.swift in Sources */,
				5660490B21B795B10075026F /* Request.swift in Sources */,
				5660492221BCD9D70075026F /* FinishSongService.swift in Sources */,
				5660492821BCDB2A0075026F /* JoinPartyService.swift in Sources */,
				5660490821B664F60075026F /* Party.swift in Sources */,
				5660491521BCAEFD0075026F /* GetAccessTokenService.swift in Sources */,
				5660491A21BCB0740075026F /* ApplicationUtil.swift in Sources */,
				5660490621B65F2C0075026F /* Song.swift in Sources */,
			);
			runOnlyForDeploymentPostprocessing = 0;
		};
		566048DF21B62DE90075026F /* Sources */ = {
			isa = PBXSourcesBuildPhase;
			buildActionMask = 2147483647;
			files = (
				566048E821B62DE90075026F /* SharePlayTests.swift in Sources */,
			);
			runOnlyForDeploymentPostprocessing = 0;
		};
		566048EA21B62DE90075026F /* Sources */ = {
			isa = PBXSourcesBuildPhase;
			buildActionMask = 2147483647;
			files = (
				566048F321B62DE90075026F /* SharePlayUITests.swift in Sources */,
			);
			runOnlyForDeploymentPostprocessing = 0;
		};
/* End PBXSourcesBuildPhase section */

/* Begin PBXTargetDependency section */
		566048E521B62DE90075026F /* PBXTargetDependency */ = {
			isa = PBXTargetDependency;
			target = 566048CE21B62DE70075026F /* SharePlay */;
			targetProxy = 566048E421B62DE90075026F /* PBXContainerItemProxy */;
		};
		566048F021B62DE90075026F /* PBXTargetDependency */ = {
			isa = PBXTargetDependency;
			target = 566048CE21B62DE70075026F /* SharePlay */;
			targetProxy = 566048EF21B62DE90075026F /* PBXContainerItemProxy */;
		};
/* End PBXTargetDependency section */

/* Begin PBXVariantGroup section */
		566048D621B62DE70075026F /* Main.storyboard */ = {
			isa = PBXVariantGroup;
			children = (
				566048D721B62DE70075026F /* Base */,
			);
			name = Main.storyboard;
			sourceTree = "<group>";
		};
		566048DB21B62DE80075026F /* LaunchScreen.storyboard */ = {
			isa = PBXVariantGroup;
			children = (
				566048DC21B62DE80075026F /* Base */,
			);
			name = LaunchScreen.storyboard;
			sourceTree = "<group>";
		};
/* End PBXVariantGroup section */

/* Begin XCBuildConfiguration section */
		566048F521B62DE90075026F /* Debug */ = {
			isa = XCBuildConfiguration;
			buildSettings = {
				ALWAYS_SEARCH_USER_PATHS = NO;
				CLANG_ANALYZER_NONNULL = YES;
				CLANG_ANALYZER_NUMBER_OBJECT_CONVERSION = YES_AGGRESSIVE;
				CLANG_CXX_LANGUAGE_STANDARD = "gnu++14";
				CLANG_CXX_LIBRARY = "libc++";
				CLANG_ENABLE_MODULES = YES;
				CLANG_ENABLE_OBJC_ARC = YES;
				CLANG_ENABLE_OBJC_WEAK = YES;
				CLANG_WARN_BLOCK_CAPTURE_AUTORELEASING = YES;
				CLANG_WARN_BOOL_CONVERSION = YES;
				CLANG_WARN_COMMA = YES;
				CLANG_WARN_CONSTANT_CONVERSION = YES;
				CLANG_WARN_DEPRECATED_OBJC_IMPLEMENTATIONS = YES;
				CLANG_WARN_DIRECT_OBJC_ISA_USAGE = YES_ERROR;
				CLANG_WARN_DOCUMENTATION_COMMENTS = YES;
				CLANG_WARN_EMPTY_BODY = YES;
				CLANG_WARN_ENUM_CONVERSION = YES;
				CLANG_WARN_INFINITE_RECURSION = YES;
				CLANG_WARN_INT_CONVERSION = YES;
				CLANG_WARN_NON_LITERAL_NULL_CONVERSION = YES;
				CLANG_WARN_OBJC_IMPLICIT_RETAIN_SELF = YES;
				CLANG_WARN_OBJC_LITERAL_CONVERSION = YES;
				CLANG_WARN_OBJC_ROOT_CLASS = YES_ERROR;
				CLANG_WARN_RANGE_LOOP_ANALYSIS = YES;
				CLANG_WARN_STRICT_PROTOTYPES = YES;
				CLANG_WARN_SUSPICIOUS_MOVE = YES;
				CLANG_WARN_UNGUARDED_AVAILABILITY = YES_AGGRESSIVE;
				CLANG_WARN_UNREACHABLE_CODE = YES;
				CLANG_WARN__DUPLICATE_METHOD_MATCH = YES;
				CODE_SIGN_IDENTITY = "iPhone Developer";
				COPY_PHASE_STRIP = NO;
				DEBUG_INFORMATION_FORMAT = dwarf;
				ENABLE_STRICT_OBJC_MSGSEND = YES;
				ENABLE_TESTABILITY = YES;
				GCC_C_LANGUAGE_STANDARD = gnu11;
				GCC_DYNAMIC_NO_PIC = NO;
				GCC_NO_COMMON_BLOCKS = YES;
				GCC_OPTIMIZATION_LEVEL = 0;
				GCC_PREPROCESSOR_DEFINITIONS = (
					"DEBUG=1",
					"$(inherited)",
				);
				GCC_WARN_64_TO_32_BIT_CONVERSION = YES;
				GCC_WARN_ABOUT_RETURN_TYPE = YES_ERROR;
				GCC_WARN_UNDECLARED_SELECTOR = YES;
				GCC_WARN_UNINITIALIZED_AUTOS = YES_AGGRESSIVE;
				GCC_WARN_UNUSED_FUNCTION = YES;
				GCC_WARN_UNUSED_VARIABLE = YES;
				IPHONEOS_DEPLOYMENT_TARGET = 12.1;
				MTL_ENABLE_DEBUG_INFO = INCLUDE_SOURCE;
				MTL_FAST_MATH = YES;
				ONLY_ACTIVE_ARCH = YES;
				SDKROOT = iphoneos;
				SWIFT_ACTIVE_COMPILATION_CONDITIONS = DEBUG;
				SWIFT_OPTIMIZATION_LEVEL = "-Onone";
			};
			name = Debug;
		};
		566048F621B62DE90075026F /* Release */ = {
			isa = XCBuildConfiguration;
			buildSettings = {
				ALWAYS_SEARCH_USER_PATHS = NO;
				CLANG_ANALYZER_NONNULL = YES;
				CLANG_ANALYZER_NUMBER_OBJECT_CONVERSION = YES_AGGRESSIVE;
				CLANG_CXX_LANGUAGE_STANDARD = "gnu++14";
				CLANG_CXX_LIBRARY = "libc++";
				CLANG_ENABLE_MODULES = YES;
				CLANG_ENABLE_OBJC_ARC = YES;
				CLANG_ENABLE_OBJC_WEAK = YES;
				CLANG_WARN_BLOCK_CAPTURE_AUTORELEASING = YES;
				CLANG_WARN_BOOL_CONVERSION = YES;
				CLANG_WARN_COMMA = YES;
				CLANG_WARN_CONSTANT_CONVERSION = YES;
				CLANG_WARN_DEPRECATED_OBJC_IMPLEMENTATIONS = YES;
				CLANG_WARN_DIRECT_OBJC_ISA_USAGE = YES_ERROR;
				CLANG_WARN_DOCUMENTATION_COMMENTS = YES;
				CLANG_WARN_EMPTY_BODY = YES;
				CLANG_WARN_ENUM_CONVERSION = YES;
				CLANG_WARN_INFINITE_RECURSION = YES;
				CLANG_WARN_INT_CONVERSION = YES;
				CLANG_WARN_NON_LITERAL_NULL_CONVERSION = YES;
				CLANG_WARN_OBJC_IMPLICIT_RETAIN_SELF = YES;
				CLANG_WARN_OBJC_LITERAL_CONVERSION = YES;
				CLANG_WARN_OBJC_ROOT_CLASS = YES_ERROR;
				CLANG_WARN_RANGE_LOOP_ANALYSIS = YES;
				CLANG_WARN_STRICT_PROTOTYPES = YES;
				CLANG_WARN_SUSPICIOUS_MOVE = YES;
				CLANG_WARN_UNGUARDED_AVAILABILITY = YES_AGGRESSIVE;
				CLANG_WARN_UNREACHABLE_CODE = YES;
				CLANG_WARN__DUPLICATE_METHOD_MATCH = YES;
				CODE_SIGN_IDENTITY = "iPhone Developer";
				COPY_PHASE_STRIP = NO;
				DEBUG_INFORMATION_FORMAT = "dwarf-with-dsym";
				ENABLE_NS_ASSERTIONS = NO;
				ENABLE_STRICT_OBJC_MSGSEND = YES;
				GCC_C_LANGUAGE_STANDARD = gnu11;
				GCC_NO_COMMON_BLOCKS = YES;
				GCC_WARN_64_TO_32_BIT_CONVERSION = YES;
				GCC_WARN_ABOUT_RETURN_TYPE = YES_ERROR;
				GCC_WARN_UNDECLARED_SELECTOR = YES;
				GCC_WARN_UNINITIALIZED_AUTOS = YES_AGGRESSIVE;
				GCC_WARN_UNUSED_FUNCTION = YES;
				GCC_WARN_UNUSED_VARIABLE = YES;
				IPHONEOS_DEPLOYMENT_TARGET = 12.1;
				MTL_ENABLE_DEBUG_INFO = NO;
				MTL_FAST_MATH = YES;
				SDKROOT = iphoneos;
				SWIFT_COMPILATION_MODE = wholemodule;
				SWIFT_OPTIMIZATION_LEVEL = "-O";
				VALIDATE_PRODUCT = YES;
			};
			name = Release;
		};
		566048F821B62DE90075026F /* Debug */ = {
			isa = XCBuildConfiguration;
			buildSettings = {
				ASSETCATALOG_COMPILER_APPICON_NAME = AppIcon;
				CODE_SIGN_STYLE = Automatic;
				INFOPLIST_FILE = SharePlay/Info.plist;
				LD_RUNPATH_SEARCH_PATHS = (
					"$(inherited)",
					"@executable_path/Frameworks",
				);
				PRODUCT_BUNDLE_IDENTIFIER = com.milosh.SharePlay;
				PRODUCT_NAME = "$(TARGET_NAME)";
				SWIFT_VERSION = 4.2;
				TARGETED_DEVICE_FAMILY = "1,2";
			};
			name = Debug;
		};
		566048F921B62DE90075026F /* Release */ = {
			isa = XCBuildConfiguration;
			buildSettings = {
				ASSETCATALOG_COMPILER_APPICON_NAME = AppIcon;
				CODE_SIGN_STYLE = Automatic;
				INFOPLIST_FILE = SharePlay/Info.plist;
				LD_RUNPATH_SEARCH_PATHS = (
					"$(inherited)",
					"@executable_path/Frameworks",
				);
				PRODUCT_BUNDLE_IDENTIFIER = com.milosh.SharePlay;
				PRODUCT_NAME = "$(TARGET_NAME)";
				SWIFT_VERSION = 4.2;
				TARGETED_DEVICE_FAMILY = "1,2";
			};
			name = Release;
		};
		566048FB21B62DE90075026F /* Debug */ = {
			isa = XCBuildConfiguration;
			buildSettings = {
				ALWAYS_EMBED_SWIFT_STANDARD_LIBRARIES = YES;
				BUNDLE_LOADER = "$(TEST_HOST)";
				CODE_SIGN_STYLE = Automatic;
				INFOPLIST_FILE = SharePlayTests/Info.plist;
				LD_RUNPATH_SEARCH_PATHS = (
					"$(inherited)",
					"@executable_path/Frameworks",
					"@loader_path/Frameworks",
				);
				PRODUCT_BUNDLE_IDENTIFIER = com.milosh.SharePlayTests;
				PRODUCT_NAME = "$(TARGET_NAME)";
				SWIFT_VERSION = 4.2;
				TARGETED_DEVICE_FAMILY = "1,2";
				TEST_HOST = "$(BUILT_PRODUCTS_DIR)/SharePlay.app/SharePlay";
			};
			name = Debug;
		};
		566048FC21B62DE90075026F /* Release */ = {
			isa = XCBuildConfiguration;
			buildSettings = {
				ALWAYS_EMBED_SWIFT_STANDARD_LIBRARIES = YES;
				BUNDLE_LOADER = "$(TEST_HOST)";
				CODE_SIGN_STYLE = Automatic;
				INFOPLIST_FILE = SharePlayTests/Info.plist;
				LD_RUNPATH_SEARCH_PATHS = (
					"$(inherited)",
					"@executable_path/Frameworks",
					"@loader_path/Frameworks",
				);
				PRODUCT_BUNDLE_IDENTIFIER = com.milosh.SharePlayTests;
				PRODUCT_NAME = "$(TARGET_NAME)";
				SWIFT_VERSION = 4.2;
				TARGETED_DEVICE_FAMILY = "1,2";
				TEST_HOST = "$(BUILT_PRODUCTS_DIR)/SharePlay.app/SharePlay";
			};
			name = Release;
		};
		566048FE21B62DE90075026F /* Debug */ = {
			isa = XCBuildConfiguration;
			buildSettings = {
				ALWAYS_EMBED_SWIFT_STANDARD_LIBRARIES = YES;
				CODE_SIGN_STYLE = Automatic;
				INFOPLIST_FILE = SharePlayUITests/Info.plist;
				LD_RUNPATH_SEARCH_PATHS = (
					"$(inherited)",
					"@executable_path/Frameworks",
					"@loader_path/Frameworks",
				);
				PRODUCT_BUNDLE_IDENTIFIER = com.milosh.SharePlayUITests;
				PRODUCT_NAME = "$(TARGET_NAME)";
				SWIFT_VERSION = 4.2;
				TARGETED_DEVICE_FAMILY = "1,2";
				TEST_TARGET_NAME = SharePlay;
			};
			name = Debug;
		};
		566048FF21B62DE90075026F /* Release */ = {
			isa = XCBuildConfiguration;
			buildSettings = {
				ALWAYS_EMBED_SWIFT_STANDARD_LIBRARIES = YES;
				CODE_SIGN_STYLE = Automatic;
				INFOPLIST_FILE = SharePlayUITests/Info.plist;
				LD_RUNPATH_SEARCH_PATHS = (
					"$(inherited)",
					"@executable_path/Frameworks",
					"@loader_path/Frameworks",
				);
				PRODUCT_BUNDLE_IDENTIFIER = com.milosh.SharePlayUITests;
				PRODUCT_NAME = "$(TARGET_NAME)";
				SWIFT_VERSION = 4.2;
				TARGETED_DEVICE_FAMILY = "1,2";
				TEST_TARGET_NAME = SharePlay;
			};
			name = Release;
		};
/* End XCBuildConfiguration section */

/* Begin XCConfigurationList section */
		566048CA21B62DE70075026F /* Build configuration list for PBXProject "SharePlay" */ = {
			isa = XCConfigurationList;
			buildConfigurations = (
				566048F521B62DE90075026F /* Debug */,
				566048F621B62DE90075026F /* Release */,
			);
			defaultConfigurationIsVisible = 0;
			defaultConfigurationName = Release;
		};
		566048F721B62DE90075026F /* Build configuration list for PBXNativeTarget "SharePlay" */ = {
			isa = XCConfigurationList;
			buildConfigurations = (
				566048F821B62DE90075026F /* Debug */,
				566048F921B62DE90075026F /* Release */,
			);
			defaultConfigurationIsVisible = 0;
			defaultConfigurationName = Release;
		};
		566048FA21B62DE90075026F /* Build configuration list for PBXNativeTarget "SharePlayTests" */ = {
			isa = XCConfigurationList;
			buildConfigurations = (
				566048FB21B62DE90075026F /* Debug */,
				566048FC21B62DE90075026F /* Release */,
			);
			defaultConfigurationIsVisible = 0;
			defaultConfigurationName = Release;
		};
		566048FD21B62DE90075026F /* Build configuration list for PBXNativeTarget "SharePlayUITests" */ = {
			isa = XCConfigurationList;
			buildConfigurations = (
				566048FE21B62DE90075026F /* Debug */,
				566048FF21B62DE90075026F /* Release */,
			);
			defaultConfigurationIsVisible = 0;
			defaultConfigurationName = Release;
		};
/* End XCConfigurationList section */
	};
	rootObject = 566048C721B62DE70075026F /* Project object */;
}
